
Microsoft Visual Studio Solution File, Format Version 12.00
# Visual Studio Version 17
VisualStudioVersion = 17.2.32602.215
MinimumVisualStudioVersion = 10.0.40219.1
Project("{FAE04EC0-301F-11D3-BF4B-00C04F79EFBC}") = "RestaurantSimulation.Api", "RestaurantSimulation.Api\RestaurantSimulation.Api.csproj", "{500495EB-DF1A-4098-B8AA-568C07796A64}"
EndProject
Project("{FAE04EC0-301F-11D3-BF4B-00C04F79EFBC}") = "RestaurantSimulation.Contracts", "RestaurantSimulation.Contracts\RestaurantSimulation.Contracts.csproj", "{16BCB5F0-FD5D-4DEA-96CB-53852382D2CF}"
EndProject
Project("{FAE04EC0-301F-11D3-BF4B-00C04F79EFBC}") = "RestaurantSimulation.Application", "RestaurantSimulation.Application\RestaurantSimulation.Application.csproj", "{A285F4AA-0E5B-43C1-882E-B9923710B52F}"
EndProject
Project("{FAE04EC0-301F-11D3-BF4B-00C04F79EFBC}") = "RestaurantSimulation.Domain", "RestaurantSimulation.Domain\RestaurantSimulation.Domain.csproj", "{FB254C2F-65FB-407C-A0C7-8FF06705D41F}"
EndProject
Project("{FAE04EC0-301F-11D3-BF4B-00C04F79EFBC}") = "RestaurantSimulation.Infrastructure", "RestaurantSimulation.Infrastructure\RestaurantSimulation.Infrastructure.csproj", "{FA061141-A7BC-4B98-94FC-D933A7B66C14}"
EndProject
Global
	GlobalSection(SolutionConfigurationPlatforms) = preSolution
		Debug|Any CPU = Debug|Any CPU
		Release|Any CPU = Release|Any CPU
	EndGlobalSection
	GlobalSection(ProjectConfigurationPlatforms) = postSolution
		{500495EB-DF1A-4098-B8AA-568C07796A64}.Debug|Any CPU.ActiveCfg = Debug|Any CPU
		{500495EB-DF1A-4098-B8AA-568C07796A64}.Debug|Any CPU.Build.0 = Debug|Any CPU
		{500495EB-DF1A-4098-B8AA-568C07796A64}.Release|Any CPU.ActiveCfg = Release|Any CPU
		{500495EB-DF1A-4098-B8AA-568C07796A64}.Release|Any CPU.Build.0 = Release|Any CPU
		{16BCB5F0-FD5D-4DEA-96CB-53852382D2CF}.Debug|Any CPU.ActiveCfg = Debug|Any CPU
		{16BCB5F0-FD5D-4DEA-96CB-53852382D2CF}.Debug|Any CPU.Build.0 = Debug|Any CPU
		{16BCB5F0-FD5D-4DEA-96CB-53852382D2CF}.Release|Any CPU.ActiveCfg = Release|Any CPU
		{16BCB5F0-FD5D-4DEA-96CB-53852382D2CF}.Release|Any CPU.Build.0 = Release|Any CPU
		{A285F4AA-0E5B-43C1-882E-B9923710B52F}.Debug|Any CPU.ActiveCfg = Debug|Any CPU
		{A285F4AA-0E5B-43C1-882E-B9923710B52F}.Debug|Any CPU.Build.0 = Debug|Any CPU
		{A285F4AA-0E5B-43C1-882E-B9923710B52F}.Release|Any CPU.ActiveCfg = Release|Any CPU
		{A285F4AA-0E5B-43C1-882E-B9923710B52F}.Release|Any CPU.Build.0 = Release|Any CPU
		{FB254C2F-65FB-407C-A0C7-8FF06705D41F}.Debug|Any CPU.ActiveCfg = Debug|Any CPU
		{FB254C2F-65FB-407C-A0C7-8FF06705D41F}.Debug|Any CPU.Build.0 = Debug|Any CPU
		{FB254C2F-65FB-407C-A0C7-8FF06705D41F}.Release|Any CPU.ActiveCfg = Release|Any CPU
		{FB254C2F-65FB-407C-A0C7-8FF06705D41F}.Release|Any CPU.Build.0 = Release|Any CPU
		{FA061141-A7BC-4B98-94FC-D933A7B66C14}.Debug|Any CPU.ActiveCfg = Debug|Any CPU
		{FA061141-A7BC-4B98-94FC-D933A7B66C14}.Debug|Any CPU.Build.0 = Debug|Any CPU
		{FA061141-A7BC-4B98-94FC-D933A7B66C14}.Release|Any CPU.ActiveCfg = Release|Any CPU
		{FA061141-A7BC-4B98-94FC-D933A7B66C14}.Release|Any CPU.Build.0 = Release|Any CPU
	EndGlobalSection
	GlobalSection(SolutionProperties) = preSolution
		HideSolutionNode = FALSE
	EndGlobalSection
	GlobalSection(ExtensibilityGlobals) = postSolution
		SolutionGuid = {4416972A-AD94-4A51-90D4-CC0BE55C93C3}
	EndGlobalSection
EndGlobal
